{
  "version": 4,
  "terraform_version": "1.3.7",
  "serial": 20,
  "lineage": "0d2016e3-8598-f935-2f2f-1eef06293b77",
  "outputs": {},
  "resources": [
    {
      "mode": "managed",
      "type": "azurerm_resource_group",
      "name": "rg",
      "provider": "provider[\"registry.terraform.io/hashicorp/azurerm\"]",
      "instances": [
        {
          "schema_version": 0,
          "attributes": {
            "id": "/subscriptions/eacd9ffd-1c02-4c3a-a107-bee55f58df00/resourceGroups/terraSampleterraform_rg",
            "location": "eastus2",
            "name": "terraSampleterraform_rg",
            "tags": {},
            "timeouts": null
          },
          "sensitive_attributes": [],
          "private": "eyJlMmJmYjczMC1lY2FhLTExZTYtOGY4OC0zNDM2M2JjN2M0YzAiOnsiY3JlYXRlIjo1NDAwMDAwMDAwMDAwLCJkZWxldGUiOjU0MDAwMDAwMDAwMDAsInJlYWQiOjMwMDAwMDAwMDAwMCwidXBkYXRlIjo1NDAwMDAwMDAwMDAwfX0="
        }
      ]
    },
    {
      "mode": "managed",
      "type": "azurerm_storage_account",
      "name": "Stor",
      "provider": "provider[\"registry.terraform.io/hashicorp/azurerm\"]",
      "instances": [
        {
          "schema_version": 3,
          "attributes": {
            "access_tier": "Hot",
            "account_kind": "StorageV2",
            "account_replication_type": "GRS",
            "account_tier": "Standard",
            "allow_nested_items_to_be_public": true,
            "allowed_copy_scope": "",
            "azure_files_authentication": [],
            "blob_properties": [
              {
                "change_feed_enabled": false,
                "change_feed_retention_in_days": 0,
                "container_delete_retention_policy": [],
                "cors_rule": [],
                "default_service_version": "",
                "delete_retention_policy": [],
                "last_access_time_enabled": false,
                "restore_policy": [],
                "versioning_enabled": false
              }
            ],
            "cross_tenant_replication_enabled": true,
            "custom_domain": [],
            "customer_managed_key": [],
            "default_to_oauth_authentication": false,
            "edge_zone": "",
            "enable_https_traffic_only": true,
            "id": "/subscriptions/eacd9ffd-1c02-4c3a-a107-bee55f58df00/resourceGroups/terraSampleterraform_rg/providers/Microsoft.Storage/storageAccounts/devstorterracus101024",
            "identity": [],
            "immutability_policy": [],
            "infrastructure_encryption_enabled": false,
            "is_hns_enabled": false,
            "large_file_share_enabled": null,
            "location": "eastus2",
            "min_tls_version": "TLS1_2",
            "name": "devstorterracus101024",
            "network_rules": [
              {
                "bypass": [
                  "AzureServices"
                ],
                "default_action": "Allow",
                "ip_rules": [],
                "private_link_access": [],
                "virtual_network_subnet_ids": []
              }
            ],
            "nfsv3_enabled": false,
            "primary_access_key": "LCCB2V6RmmP5eARkDYNUQ9lW383IYyOKNB8flv59M6bm1RP+TDilumq2A6hFAMnaRT+MvdohECKq+AStH9e3dg==",
            "primary_blob_connection_string": "DefaultEndpointsProtocol=https;BlobEndpoint=https://devstorterracus101024.blob.core.windows.net/;AccountName=devstorterracus101024;AccountKey=LCCB2V6RmmP5eARkDYNUQ9lW383IYyOKNB8flv59M6bm1RP+TDilumq2A6hFAMnaRT+MvdohECKq+AStH9e3dg==",
            "primary_blob_endpoint": "https://devstorterracus101024.blob.core.windows.net/",
            "primary_blob_host": "devstorterracus101024.blob.core.windows.net",
            "primary_connection_string": "DefaultEndpointsProtocol=https;AccountName=devstorterracus101024;AccountKey=LCCB2V6RmmP5eARkDYNUQ9lW383IYyOKNB8flv59M6bm1RP+TDilumq2A6hFAMnaRT+MvdohECKq+AStH9e3dg==;EndpointSuffix=core.windows.net",
            "primary_dfs_endpoint": "https://devstorterracus101024.dfs.core.windows.net/",
            "primary_dfs_host": "devstorterracus101024.dfs.core.windows.net",
            "primary_file_endpoint": "https://devstorterracus101024.file.core.windows.net/",
            "primary_file_host": "devstorterracus101024.file.core.windows.net",
            "primary_location": "eastus2",
            "primary_queue_endpoint": "https://devstorterracus101024.queue.core.windows.net/",
            "primary_queue_host": "devstorterracus101024.queue.core.windows.net",
            "primary_table_endpoint": "https://devstorterracus101024.table.core.windows.net/",
            "primary_table_host": "devstorterracus101024.table.core.windows.net",
            "primary_web_endpoint": "https://devstorterracus101024.z20.web.core.windows.net/",
            "primary_web_host": "devstorterracus101024.z20.web.core.windows.net",
            "public_network_access_enabled": true,
            "queue_encryption_key_type": "Service",
            "queue_properties": [
              {
                "cors_rule": [],
                "hour_metrics": [
                  {
                    "enabled": true,
                    "include_apis": true,
                    "retention_policy_days": 7,
                    "version": "1.0"
                  }
                ],
                "logging": [
                  {
                    "delete": false,
                    "read": false,
                    "retention_policy_days": 0,
                    "version": "1.0",
                    "write": false
                  }
                ],
                "minute_metrics": [
                  {
                    "enabled": false,
                    "include_apis": false,
                    "retention_policy_days": 0,
                    "version": "1.0"
                  }
                ]
              }
            ],
            "resource_group_name": "terraSampleterraform_rg",
            "routing": [],
            "sas_policy": [],
            "secondary_access_key": "jvboQbLKVTVwDBgvJHvv16TVS0tsjOeU4oiP23JqeJ/5FN48HKWZoWeueEsOicmWUavqtqae277p+AStBiOgPQ==",
            "secondary_blob_connection_string": "",
            "secondary_blob_endpoint": null,
            "secondary_blob_host": null,
            "secondary_connection_string": "DefaultEndpointsProtocol=https;AccountName=devstorterracus101024;AccountKey=jvboQbLKVTVwDBgvJHvv16TVS0tsjOeU4oiP23JqeJ/5FN48HKWZoWeueEsOicmWUavqtqae277p+AStBiOgPQ==;EndpointSuffix=core.windows.net",
            "secondary_dfs_endpoint": null,
            "secondary_dfs_host": null,
            "secondary_file_endpoint": null,
            "secondary_file_host": null,
            "secondary_location": "centralus",
            "secondary_queue_endpoint": null,
            "secondary_queue_host": null,
            "secondary_table_endpoint": null,
            "secondary_table_host": null,
            "secondary_web_endpoint": null,
            "secondary_web_host": null,
            "sftp_enabled": false,
            "share_properties": [
              {
                "cors_rule": [],
                "retention_policy": [
                  {
                    "days": 7
                  }
                ],
                "smb": []
              }
            ],
            "shared_access_key_enabled": true,
            "static_website": [],
            "table_encryption_key_type": "Service",
            "tags": {
              "environment": "Dev"
            },
            "timeouts": null
          },
          "sensitive_attributes": [],
          "private": "eyJlMmJmYjczMC1lY2FhLTExZTYtOGY4OC0zNDM2M2JjN2M0YzAiOnsiY3JlYXRlIjozNjAwMDAwMDAwMDAwLCJkZWxldGUiOjM2MDAwMDAwMDAwMDAsInJlYWQiOjMwMDAwMDAwMDAwMCwidXBkYXRlIjozNjAwMDAwMDAwMDAwfSwic2NoZW1hX3ZlcnNpb24iOiIzIn0=",
          "dependencies": [
            "azurerm_resource_group.rg"
          ]
        }
      ]
    }
  ],
  "check_results": null
}
